{
  "name": "RICKSAN",
  "version": "1.0.0",
  "lockfileVersion": 1,
  "requires": true,
  "dependencies": {
    "@josh-providers/sqlite": {
      "version": "1.0.16",
      "requires": {
        "better-sqlite3": "^7.1.0",
        "lodash": "^4.17.15",
        "on-change": "^2.1.2",
        "serialize-javascript": "^5.0.1"
      },
      "dependencies": {
        "ansi-regex": {
          "version": "2.1.1",
          "bundled": true
        },
        "aproba": {
          "version": "1.2.0",
          "bundled": true
        },
        "are-we-there-yet": {
          "version": "1.1.5",
          "bundled": true,
          "requires": {
            "delegates": "^1.0.0",
            "readable-stream": "^2.0.6"
          }
        },
        "base64-js": {
          "version": "1.5.1",
          "bundled": true
        },
        "better-sqlite3": {
          "version": "7.1.1",
          "bundled": true,
          "requires": {
            "bindings": "^1.5.0",
            "prebuild-install": "^5.3.3",
            "tar": "4.4.10"
          }
        },
        "bindings": {
          "version": "1.5.0",
          "bundled": true,
          "requires": {
            "file-uri-to-path": "1.0.0"
          }
        },
        "bl": {
          "version": "4.0.3",
          "bundled": true,
          "requires": {
            "buffer": "^5.5.0",
            "inherits": "^2.0.4",
            "readable-stream": "^3.4.0"
          },
          "dependencies": {
            "readable-stream": {
              "version": "3.6.0",
              "resolved": "https://registry.npmjs.org/readable-stream/-/readable-stream-3.6.0.tgz",
              "integrity": "sha512-BViHy7LKeTz4oNnkcLJ+lVSL6vpiFeX6/d3oSH8zCW7UxP2onchk+vTGB143xuFjHS3deTgkKoXXymXqymiIdA==",
              "requires": {
                "inherits": "^2.0.3",
                "string_decoder": "^1.1.1",
                "util-deprecate": "^1.0.1"
              }
            }
          }
        },
        "buffer": {
          "version": "5.7.1",
          "bundled": true,
          "requires": {
            "base64-js": "^1.3.1",
            "ieee754": "^1.1.13"
          }
        },
        "chownr": {
          "version": "1.1.4",
          "bundled": true
        },
        "code-point-at": {
          "version": "1.1.0",
          "bundled": true
        },
        "console-control-strings": {
          "version": "1.1.0",
          "bundled": true
        },
        "core-util-is": {
          "version": "1.0.2",
          "bundled": true
        },
        "decompress-response": {
          "version": "4.2.1",
          "bundled": true,
          "requires": {
            "mimic-response": "^2.0.0"
          }
        },
        "deep-extend": {
          "version": "0.6.0",
          "bundled": true
        },
        "delegates": {
          "version": "1.0.0",
          "bundled": true
        },
        "detect-libc": {
          "version": "1.0.3",
          "bundled": true
        },
        "end-of-stream": {
          "version": "1.4.4",
          "bundled": true,
          "requires": {
            "once": "^1.4.0"
          }
        },
        "expand-template": {
          "version": "2.0.3",
          "bundled": true
        },
        "file-uri-to-path": {
          "version": "1.0.0",
          "bundled": true
        },
        "fs-constants": {
          "version": "1.0.0",
          "bundled": true
        },
        "fs-minipass": {
          "version": "1.2.7",
          "bundled": true,
          "requires": {
            "minipass": "^2.6.0"
          }
        },
        "gauge": {
          "version": "2.7.4",
          "bundled": true,
          "requires": {
            "aproba": "^1.0.3",
            "console-control-strings": "^1.0.0",
            "has-unicode": "^2.0.0",
            "object-assign": "^4.1.0",
            "signal-exit": "^3.0.0",
            "string-width": "^1.0.1",
            "strip-ansi": "^3.0.1",
            "wide-align": "^1.1.0"
          }
        },
        "github-from-package": {
          "version": "0.0.0",
          "bundled": true
        },
        "has-unicode": {
          "version": "2.0.1",
          "bundled": true
        },
        "ieee754": {
          "version": "1.2.1",
          "bundled": true
        },
        "inherits": {
          "version": "2.0.4",
          "bundled": true
        },
        "ini": {
          "version": "1.3.8",
          "bundled": true
        },
        "is-fullwidth-code-point": {
          "version": "1.0.0",
          "bundled": true,
          "requires": {
            "number-is-nan": "^1.0.0"
          }
        },
        "isarray": {
          "version": "1.0.0",
          "bundled": true
        },
        "lodash": {
          "version": "4.17.20",
          "bundled": true
        },
        "mimic-response": {
          "version": "2.1.0",
          "bundled": true
        },
        "minimist": {
          "version": "1.2.5",
          "bundled": true
        },
        "minipass": {
          "version": "2.9.0",
          "bundled": true,
          "requires": {
            "safe-buffer": "^5.1.2",
            "yallist": "^3.0.0"
          }
        },
        "minizlib": {
          "version": "1.3.3",
          "bundled": true,
          "requires": {
            "minipass": "^2.9.0"
          }
        },
        "mkdirp": {
          "version": "0.5.5",
          "bundled": true,
          "requires": {
            "minimist": "^1.2.5"
          }
        },
        "mkdirp-classic": {
          "version": "0.5.3",
          "bundled": true
        },
        "napi-build-utils": {
          "version": "1.0.2",
          "bundled": true
        },
        "node-abi": {
          "version": "2.19.3",
          "bundled": true,
          "requires": {
            "semver": "^5.4.1"
          }
        },
        "noop-logger": {
          "version": "0.1.1",
          "bundled": true
        },
        "npmlog": {
          "version": "4.1.2",
          "bundled": true,
          "requires": {
            "are-we-there-yet": "~1.1.2",
            "console-control-strings": "~1.1.0",
            "gauge": "~2.7.3",
            "set-blocking": "~2.0.0"
          }
        },
        "number-is-nan": {
          "version": "1.0.1",
          "bundled": true
        },
        "object-assign": {
          "version": "4.1.1",
          "bundled": true
        },
        "on-change": {
          "version": "2.2.0",
          "bundled": true
        },
        "once": {
          "version": "1.4.0",
          "bundled": true,
          "requires": {
            "wrappy": "1"
          }
        },
        "prebuild-install": {
          "version": "5.3.6",
          "bundled": true,
          "requires": {
            "detect-libc": "^1.0.3",
            "expand-template": "^2.0.3",
            "github-from-package": "0.0.0",
            "minimist": "^1.2.3",
            "mkdirp-classic": "^0.5.3",
            "napi-build-utils": "^1.0.1",
            "node-abi": "^2.7.0",
            "noop-logger": "^0.1.1",
            "npmlog": "^4.0.1",
            "pump": "^3.0.0",
            "rc": "^1.2.7",
            "simple-get": "^3.0.3",
            "tar-fs": "^2.0.0",
            "tunnel-agent": "^0.6.0",
            "which-pm-runs": "^1.0.0"
          }
        },
        "process-nextick-args": {
          "version": "2.0.1",
          "bundled": true
        },
        "pump": {
          "version": "3.0.0",
          "bundled": true,
          "requires": {
            "end-of-stream": "^1.1.0",
            "once": "^1.3.1"
          }
        },
        "randombytes": {
          "version": "2.1.0",
          "bundled": true,
          "requires": {
            "safe-buffer": "^5.1.0"
          }
        },
        "rc": {
          "version": "1.2.8",
          "bundled": true,
          "requires": {
            "deep-extend": "^0.6.0",
            "ini": "~1.3.0",
            "minimist": "^1.2.0",
            "strip-json-comments": "~2.0.1"
          }
        },
        "readable-stream": {
          "version": "2.3.7",
          "bundled": true,
          "requires": {
            "core-util-is": "~1.0.0",
            "inherits": "~2.0.3",
            "isarray": "~1.0.0",
            "process-nextick-args": "~2.0.0",
            "safe-buffer": "~5.1.1",
            "string_decoder": "~1.1.1",
            "util-deprecate": "~1.0.1"
          }
        },
        "safe-buffer": {
          "version": "5.1.2",
          "bundled": true
        },
        "semver": {
          "version": "5.7.1",
          "bundled": true
        },
        "serialize-javascript": {
          "version": "5.0.1",
          "bundled": true,
          "requires": {
            "randombytes": "^2.1.0"
          }
        },
        "set-blocking": {
          "version": "2.0.0",
          "bundled": true
        },
        "signal-exit": {
          "version": "3.0.3",
          "bundled": true
        },
        "simple-concat": {
          "version": "1.0.1",
          "bundled": true
        },
        "simple-get": {
          "version": "3.1.0",
          "bundled": true,
          "requires": {
            "decompress-response": "^4.2.0",
            "once": "^1.3.1",
            "simple-concat": "^1.0.0"
          }
        },
        "string-width": {
          "version": "1.0.2",
          "bundled": true,
          "requires": {
            "code-point-at": "^1.0.0",
            "is-fullwidth-code-point": "^1.0.0",
            "strip-ansi": "^3.0.0"
          }
        },
        "string_decoder": {
          "version": "1.1.1",
          "bundled": true,
          "requires": {
            "safe-buffer": "~5.1.0"
          }
        },
        "strip-ansi": {
          "version": "3.0.1",
          "bundled": true,
          "requires": {
            "ansi-regex": "^2.0.0"
          }
        },
        "strip-json-comments": {
          "version": "2.0.1",
          "bundled": true
        },
        "tar": {
          "version": "4.4.10",
          "bundled": true,
          "requires": {
            "chownr": "^1.1.1",
            "fs-minipass": "^1.2.5",
            "minipass": "^2.3.5",
            "minizlib": "^1.2.1",
            "mkdirp": "^0.5.0",
            "safe-buffer": "^5.1.2",
            "yallist": "^3.0.3"
          }
        },
        "tar-fs": {
          "version": "2.1.1",
          "bundled": true,
          "requires": {
            "chownr": "^1.1.1",
            "mkdirp-classic": "^0.5.2",
            "pump": "^3.0.0",
            "tar-stream": "^2.1.4"
          }
        },
        "tar-stream": {
          "version": "2.1.4",
          "bundled": true,
          "requires": {
            "bl": "^4.0.3",
            "end-of-stream": "^1.4.1",
            "fs-constants": "^1.0.0",
            "inherits": "^2.0.3",
            "readable-stream": "^3.1.1"
          },
          "dependencies": {
            "readable-stream": {
              "version": "3.6.0",
              "resolved": "https://registry.npmjs.org/readable-stream/-/readable-stream-3.6.0.tgz",
              "integrity": "sha512-BViHy7LKeTz4oNnkcLJ+lVSL6vpiFeX6/d3oSH8zCW7UxP2onchk+vTGB143xuFjHS3deTgkKoXXymXqymiIdA==",
              "requires": {
                "inherits": "^2.0.3",
                "string_decoder": "^1.1.1",
                "util-deprecate": "^1.0.1"
              }
            }
          }
        },
        "tunnel-agent": {
          "version": "0.6.0",
          "bundled": true,
          "requires": {
            "safe-buffer": "^5.0.1"
          }
        },
        "util-deprecate": {
          "version": "1.0.2",
          "bundled": true
        },
        "which-pm-runs": {
          "version": "1.0.0",
          "bundled": true
        },
        "wide-align": {
          "version": "1.1.3",
          "bundled": true,
          "requires": {
            "string-width": "^1.0.2 || 2"
          }
        },
        "wrappy": {
          "version": "1.0.2",
          "bundled": true
        },
        "yallist": {
          "version": "3.1.1",
          "bundled": true
        }
      }
    },
    "chalk": {
      "version": "2.4.2",
      "requires": {
        "ansi-styles": "^3.2.1",
        "escape-string-regexp": "^1.0.5",
        "supports-color": "^5.3.0"
      },
      "dependencies": {
        "ansi-styles": {
          "version": "3.2.1",
          "bundled": true,
          "requires": {
            "color-convert": "^1.9.0"
          }
        },
        "color-convert": {
          "version": "1.9.3",
          "bundled": true,
          "requires": {
            "color-name": "1.1.3"
          }
        },
        "color-name": {
          "version": "1.1.3",
          "bundled": true
        },
        "escape-string-regexp": {
          "version": "1.0.5",
          "bundled": true
        },
        "has-flag": {
          "version": "3.0.0",
          "bundled": true
        },
        "supports-color": {
          "version": "5.5.0",
          "bundled": true,
          "requires": {
            "has-flag": "^3.0.0"
          }
        }
      }
    },
    "discord.js": {
      "version": "11.6.4",
      "requires": {
        "long": "^4.0.0",
        "prism-media": "^0.0.4",
        "snekfetch": "^3.6.4",
        "tweetnacl": "^1.0.0",
        "ws": "^6.0.0"
      },
      "dependencies": {
        "async-limiter": {
          "version": "1.0.1",
          "bundled": true
        },
        "long": {
          "version": "4.0.0",
          "bundled": true
        },
        "prism-media": {
          "version": "0.0.4",
          "bundled": true
        },
        "snekfetch": {
          "version": "3.6.4",
          "bundled": true
        },
        "tweetnacl": {
          "version": "1.0.3",
          "bundled": true
        },
        "ws": {
          "version": "6.2.1",
          "bundled": true,
          "requires": {
            "async-limiter": "~1.0.0"
          }
        }
      }
    },
    "enmap": {
      "version": "5.8.2",
      "requires": {
        "better-sqlite3": "^7.1.0",
        "lodash": "^4.17.20",
        "on-change": "^2.0.1",
        "serialize-javascript": "^5.0.1"
      },
      "dependencies": {
        "ansi-regex": {
          "version": "2.1.1",
          "bundled": true
        },
        "aproba": {
          "version": "1.2.0",
          "bundled": true
        },
        "are-we-there-yet": {
          "version": "1.1.5",
          "bundled": true,
          "requires": {
            "delegates": "^1.0.0",
            "readable-stream": "^2.0.6"
          }
        },
        "base64-js": {
          "version": "1.5.1",
          "bundled": true
        },
        "better-sqlite3": {
          "version": "7.1.1",
          "bundled": true,
          "requires": {
            "bindings": "^1.5.0",
            "prebuild-install": "^5.3.3",
            "tar": "4.4.10"
          }
        },
        "bindings": {
          "version": "1.5.0",
          "bundled": true,
          "requires": {
            "file-uri-to-path": "1.0.0"
          }
        },
        "bl": {
          "version": "4.0.3",
          "bundled": true,
          "requires": {
            "buffer": "^5.5.0",
            "inherits": "^2.0.4",
            "readable-stream": "^3.4.0"
          },
          "dependencies": {
            "readable-stream": {
              "version": "3.6.0",
              "resolved": "https://registry.npmjs.org/readable-stream/-/readable-stream-3.6.0.tgz",
              "integrity": "sha512-BViHy7LKeTz4oNnkcLJ+lVSL6vpiFeX6/d3oSH8zCW7UxP2onchk+vTGB143xuFjHS3deTgkKoXXymXqymiIdA==",
              "requires": {
                "inherits": "^2.0.3",
                "string_decoder": "^1.1.1",
                "util-deprecate": "^1.0.1"
              }
            }
          }
        },
        "buffer": {
          "version": "5.7.1",
          "bundled": true,
          "requires": {
            "base64-js": "^1.3.1",
            "ieee754": "^1.1.13"
          }
        },
        "chownr": {
          "version": "1.1.4",
          "bundled": true
        },
        "code-point-at": {
          "version": "1.1.0",
          "bundled": true
        },
        "console-control-strings": {
          "version": "1.1.0",
          "bundled": true
        },
        "core-util-is": {
          "version": "1.0.2",
          "bundled": true
        },
        "decompress-response": {
          "version": "4.2.1",
          "bundled": true,
          "requires": {
            "mimic-response": "^2.0.0"
          }
        },
        "deep-extend": {
          "version": "0.6.0",
          "bundled": true
        },
        "delegates": {
          "version": "1.0.0",
          "bundled": true
        },
        "detect-libc": {
          "version": "1.0.3",
          "bundled": true
        },
        "end-of-stream": {
          "version": "1.4.4",
          "bundled": true,
          "requires": {
            "once": "^1.4.0"
          }
        },
        "expand-template": {
          "version": "2.0.3",
          "bundled": true
        },
        "file-uri-to-path": {
          "version": "1.0.0",
          "bundled": true
        },
        "fs-constants": {
          "version": "1.0.0",
          "bundled": true
        },
        "fs-minipass": {
          "version": "1.2.7",
          "bundled": true,
          "requires": {
            "minipass": "^2.6.0"
          }
        },
        "gauge": {
          "version": "2.7.4",
          "bundled": true,
          "requires": {
            "aproba": "^1.0.3",
            "console-control-strings": "^1.0.0",
            "has-unicode": "^2.0.0",
            "object-assign": "^4.1.0",
            "signal-exit": "^3.0.0",
            "string-width": "^1.0.1",
            "strip-ansi": "^3.0.1",
            "wide-align": "^1.1.0"
          }
        },
        "github-from-package": {
          "version": "0.0.0",
          "bundled": true
        },
        "has-unicode": {
          "version": "2.0.1",
          "bundled": true
        },
        "ieee754": {
          "version": "1.2.1",
          "bundled": true
        },
        "inherits": {
          "version": "2.0.4",
          "bundled": true
        },
        "ini": {
          "version": "1.3.8",
          "bundled": true
        },
        "is-fullwidth-code-point": {
          "version": "1.0.0",
          "bundled": true,
          "requires": {
            "number-is-nan": "^1.0.0"
          }
        },
        "isarray": {
          "version": "1.0.0",
          "bundled": true
        },
        "lodash": {
          "version": "4.17.20",
          "bundled": true
        },
        "mimic-response": {
          "version": "2.1.0",
          "bundled": true
        },
        "minimist": {
          "version": "1.2.5",
          "bundled": true
        },
        "minipass": {
          "version": "2.9.0",
          "bundled": true,
          "requires": {
            "safe-buffer": "^5.1.2",
            "yallist": "^3.0.0"
          }
        },
        "minizlib": {
          "version": "1.3.3",
          "bundled": true,
          "requires": {
            "minipass": "^2.9.0"
          }
        },
        "mkdirp": {
          "version": "0.5.5",
          "bundled": true,
          "requires": {
            "minimist": "^1.2.5"
          }
        },
        "mkdirp-classic": {
          "version": "0.5.3",
          "bundled": true
        },
        "napi-build-utils": {
          "version": "1.0.2",
          "bundled": true
        },
        "node-abi": {
          "version": "2.19.3",
          "bundled": true,
          "requires": {
            "semver": "^5.4.1"
          }
        },
        "noop-logger": {
          "version": "0.1.1",
          "bundled": true
        },
        "npmlog": {
          "version": "4.1.2",
          "bundled": true,
          "requires": {
            "are-we-there-yet": "~1.1.2",
            "console-control-strings": "~1.1.0",
            "gauge": "~2.7.3",
            "set-blocking": "~2.0.0"
          }
        },
        "number-is-nan": {
          "version": "1.0.1",
          "bundled": true
        },
        "object-assign": {
          "version": "4.1.1",
          "bundled": true
        },
        "on-change": {
          "version": "2.2.0",
          "bundled": true
        },
        "once": {
          "version": "1.4.0",
          "bundled": true,
          "requires": {
            "wrappy": "1"
          }
        },
        "prebuild-install": {
          "version": "5.3.6",
          "bundled": true,
          "requires": {
            "detect-libc": "^1.0.3",
            "expand-template": "^2.0.3",
            "github-from-package": "0.0.0",
            "minimist": "^1.2.3",
            "mkdirp-classic": "^0.5.3",
            "napi-build-utils": "^1.0.1",
            "node-abi": "^2.7.0",
            "noop-logger": "^0.1.1",
            "npmlog": "^4.0.1",
            "pump": "^3.0.0",
            "rc": "^1.2.7",
            "simple-get": "^3.0.3",
            "tar-fs": "^2.0.0",
            "tunnel-agent": "^0.6.0",
            "which-pm-runs": "^1.0.0"
          }
        },
        "process-nextick-args": {
          "version": "2.0.1",
          "bundled": true
        },
        "pump": {
          "version": "3.0.0",
          "bundled": true,
          "requires": {
            "end-of-stream": "^1.1.0",
            "once": "^1.3.1"
          }
        },
        "randombytes": {
          "version": "2.1.0",
          "bundled": true,
          "requires": {
            "safe-buffer": "^5.1.0"
          }
        },
        "rc": {
          "version": "1.2.8",
          "bundled": true,
          "requires": {
            "deep-extend": "^0.6.0",
            "ini": "~1.3.0",
            "minimist": "^1.2.0",
            "strip-json-comments": "~2.0.1"
          }
        },
        "readable-stream": {
          "version": "2.3.7",
          "bundled": true,
          "requires": {
            "core-util-is": "~1.0.0",
            "inherits": "~2.0.3",
            "isarray": "~1.0.0",
            "process-nextick-args": "~2.0.0",
            "safe-buffer": "~5.1.1",
            "string_decoder": "~1.1.1",
            "util-deprecate": "~1.0.1"
          }
        },
        "safe-buffer": {
          "version": "5.1.2",
          "bundled": true
        },
        "semver": {
          "version": "5.7.1",
          "bundled": true
        },
        "serialize-javascript": {
          "version": "5.0.1",
          "bundled": true,
          "requires": {
            "randombytes": "^2.1.0"
          }
        },
        "set-blocking": {
          "version": "2.0.0",
          "bundled": true
        },
        "signal-exit": {
          "version": "3.0.3",
          "bundled": true
        },
        "simple-concat": {
          "version": "1.0.1",
          "bundled": true
        },
        "simple-get": {
          "version": "3.1.0",
          "bundled": true,
          "requires": {
            "decompress-response": "^4.2.0",
            "once": "^1.3.1",
            "simple-concat": "^1.0.0"
          }
        },
        "string-width": {
          "version": "1.0.2",
          "bundled": true,
          "requires": {
            "code-point-at": "^1.0.0",
            "is-fullwidth-code-point": "^1.0.0",
            "strip-ansi": "^3.0.0"
          }
        },
        "string_decoder": {
          "version": "1.1.1",
          "bundled": true,
          "requires": {
            "safe-buffer": "~5.1.0"
          }
        },
        "strip-ansi": {
          "version": "3.0.1",
          "bundled": true,
          "requires": {
            "ansi-regex": "^2.0.0"
          }
        },
        "strip-json-comments": {
          "version": "2.0.1",
          "bundled": true
        },
        "tar": {
          "version": "4.4.10",
          "bundled": true,
          "requires": {
            "chownr": "^1.1.1",
            "fs-minipass": "^1.2.5",
            "minipass": "^2.3.5",
            "minizlib": "^1.2.1",
            "mkdirp": "^0.5.0",
            "safe-buffer": "^5.1.2",
            "yallist": "^3.0.3"
          }
        },
        "tar-fs": {
          "version": "2.1.1",
          "bundled": true,
          "requires": {
            "chownr": "^1.1.1",
            "mkdirp-classic": "^0.5.2",
            "pump": "^3.0.0",
            "tar-stream": "^2.1.4"
          }
        },
        "tar-stream": {
          "version": "2.1.4",
          "bundled": true,
          "requires": {
            "bl": "^4.0.3",
            "end-of-stream": "^1.4.1",
            "fs-constants": "^1.0.0",
            "inherits": "^2.0.3",
            "readable-stream": "^3.1.1"
          },
          "dependencies": {
            "readable-stream": {
              "version": "3.6.0",
              "resolved": "https://registry.npmjs.org/readable-stream/-/readable-stream-3.6.0.tgz",
              "integrity": "sha512-BViHy7LKeTz4oNnkcLJ+lVSL6vpiFeX6/d3oSH8zCW7UxP2onchk+vTGB143xuFjHS3deTgkKoXXymXqymiIdA==",
              "requires": {
                "inherits": "^2.0.3",
                "string_decoder": "^1.1.1",
                "util-deprecate": "^1.0.1"
              }
            }
          }
        },
        "tunnel-agent": {
          "version": "0.6.0",
          "bundled": true,
          "requires": {
            "safe-buffer": "^5.0.1"
          }
        },
        "util-deprecate": {
          "version": "1.0.2",
          "bundled": true
        },
        "which-pm-runs": {
          "version": "1.0.0",
          "bundled": true
        },
        "wide-align": {
          "version": "1.1.3",
          "bundled": true,
          "requires": {
            "string-width": "^1.0.2 || 2"
          }
        },
        "wrappy": {
          "version": "1.0.2",
          "bundled": true
        },
        "yallist": {
          "version": "3.1.1",
          "bundled": true
        }
      }
    },
    "enmap-level": {
      "version": "2.1.0",
      "requires": {
        "level": "^3.0.0"
      },
      "dependencies": {
        "abstract-leveldown": {
          "version": "4.0.3",
          "bundled": true,
          "requires": {
            "xtend": "~4.0.0"
          }
        },
        "ansi-regex": {
          "version": "2.1.1",
          "bundled": true
        },
        "aproba": {
          "version": "1.2.0",
          "bundled": true
        },
        "are-we-there-yet": {
          "version": "1.1.5",
          "bundled": true,
          "requires": {
            "delegates": "^1.0.0",
            "readable-stream": "^2.0.6"
          }
        },
        "bindings": {
          "version": "1.3.1",
          "bundled": true
        },
        "bl": {
          "version": "1.2.3",
          "bundled": true,
          "requires": {
            "readable-stream": "^2.3.5",
            "safe-buffer": "^5.1.1"
          }
        },
        "buffer-alloc": {
          "version": "1.2.0",
          "bundled": true,
          "requires": {
            "buffer-alloc-unsafe": "^1.1.0",
            "buffer-fill": "^1.0.0"
          }
        },
        "buffer-alloc-unsafe": {
          "version": "1.1.0",
          "bundled": true
        },
        "buffer-fill": {
          "version": "1.0.0",
          "bundled": true
        },
        "chownr": {
          "version": "1.1.4",
          "bundled": true
        },
        "code-point-at": {
          "version": "1.1.0",
          "bundled": true
        },
        "console-control-strings": {
          "version": "1.1.0",
          "bundled": true
        },
        "core-util-is": {
          "version": "1.0.2",
          "bundled": true
        },
        "decompress-response": {
          "version": "3.3.0",
          "bundled": true,
          "requires": {
            "mimic-response": "^1.0.0"
          }
        },
        "deep-extend": {
          "version": "0.6.0",
          "bundled": true
        },
        "deferred-leveldown": {
          "version": "3.0.0",
          "bundled": true,
          "requires": {
            "abstract-leveldown": "~4.0.0"
          }
        },
        "delegates": {
          "version": "1.0.0",
          "bundled": true
        },
        "detect-libc": {
          "version": "1.0.3",
          "bundled": true
        },
        "encoding-down": {
          "version": "4.0.1",
          "bundled": true,
          "requires": {
            "abstract-leveldown": "^4.0.0",
            "level-codec": "^8.0.0",
            "level-errors": "^1.0.4",
            "xtend": "^4.0.1"
          }
        },
        "end-of-stream": {
          "version": "1.4.4",
          "bundled": true,
          "requires": {
            "once": "^1.4.0"
          }
        },
        "errno": {
          "version": "0.1.8",
          "bundled": true,
          "requires": {
            "prr": "~1.0.1"
          }
        },
        "expand-template": {
          "version": "1.1.1",
          "bundled": true
        },
        "fast-future": {
          "version": "1.0.2",
          "bundled": true
        },
        "fs-constants": {
          "version": "1.0.0",
          "bundled": true
        },
        "gauge": {
          "version": "2.7.4",
          "bundled": true,
          "requires": {
            "aproba": "^1.0.3",
            "console-control-strings": "^1.0.0",
            "has-unicode": "^2.0.0",
            "object-assign": "^4.1.0",
            "signal-exit": "^3.0.0",
            "string-width": "^1.0.1",
            "strip-ansi": "^3.0.1",
            "wide-align": "^1.1.0"
          }
        },
        "github-from-package": {
          "version": "0.0.0",
          "bundled": true
        },
        "has-unicode": {
          "version": "2.0.1",
          "bundled": true
        },
        "inherits": {
          "version": "2.0.4",
          "bundled": true
        },
        "ini": {
          "version": "1.3.8",
          "bundled": true
        },
        "is-fullwidth-code-point": {
          "version": "1.0.0",
          "bundled": true,
          "requires": {
            "number-is-nan": "^1.0.0"
          }
        },
        "isarray": {
          "version": "1.0.0",
          "bundled": true
        },
        "level": {
          "version": "3.0.2",
          "bundled": true,
          "requires": {
            "level-packager": "^2.0.2",
            "leveldown": "^3.0.0",
            "opencollective-postinstall": "^2.0.0"
          }
        },
        "level-codec": {
          "version": "8.0.0",
          "bundled": true
        },
        "level-errors": {
          "version": "1.1.2",
          "bundled": true,
          "requires": {
            "errno": "~0.1.1"
          }
        },
        "level-iterator-stream": {
          "version": "2.0.3",
          "bundled": true,
          "requires": {
            "inherits": "^2.0.1",
            "readable-stream": "^2.0.5",
            "xtend": "^4.0.0"
          }
        },
        "level-packager": {
          "version": "2.1.1",
          "bundled": true,
          "requires": {
            "encoding-down": "~4.0.0",
            "levelup": "^2.0.0"
          }
        },
        "leveldown": {
          "version": "3.0.2",
          "bundled": true,
          "requires": {
            "abstract-leveldown": "~4.0.0",
            "bindings": "~1.3.0",
            "fast-future": "~1.0.2",
            "nan": "~2.10.0",
            "prebuild-install": "^4.0.0"
          }
        },
        "levelup": {
          "version": "2.0.2",
          "bundled": true,
          "requires": {
            "deferred-leveldown": "~3.0.0",
            "level-errors": "~1.1.0",
            "level-iterator-stream": "~2.0.0",
            "xtend": "~4.0.0"
          }
        },
        "mimic-response": {
          "version": "1.0.1",
          "bundled": true
        },
        "minimist": {
          "version": "1.2.5",
          "bundled": true
        },
        "mkdirp": {
          "version": "0.5.5",
          "bundled": true,
          "requires": {
            "minimist": "^1.2.5"
          }
        },
        "nan": {
          "version": "2.10.0",
          "bundled": true
        },
        "node-abi": {
          "version": "2.19.3",
          "bundled": true,
          "requires": {
            "semver": "^5.4.1"
          }
        },
        "noop-logger": {
          "version": "0.1.1",
          "bundled": true
        },
        "npmlog": {
          "version": "4.1.2",
          "bundled": true,
          "requires": {
            "are-we-there-yet": "~1.1.2",
            "console-control-strings": "~1.1.0",
            "gauge": "~2.7.3",
            "set-blocking": "~2.0.0"
          }
        },
        "number-is-nan": {
          "version": "1.0.1",
          "bundled": true
        },
        "object-assign": {
          "version": "4.1.1",
          "bundled": true
        },
        "once": {
          "version": "1.4.0",
          "bundled": true,
          "requires": {
            "wrappy": "1"
          }
        },
        "opencollective-postinstall": {
          "version": "2.0.3",
          "bundled": true
        },
        "os-homedir": {
          "version": "1.0.2",
          "bundled": true
        },
        "prebuild-install": {
          "version": "4.0.0",
          "bundled": true,
          "requires": {
            "detect-libc": "^1.0.3",
            "expand-template": "^1.0.2",
            "github-from-package": "0.0.0",
            "minimist": "^1.2.0",
            "mkdirp": "^0.5.1",
            "node-abi": "^2.2.0",
            "noop-logger": "^0.1.1",
            "npmlog": "^4.0.1",
            "os-homedir": "^1.0.1",
            "pump": "^2.0.1",
            "rc": "^1.1.6",
            "simple-get": "^2.7.0",
            "tar-fs": "^1.13.0",
            "tunnel-agent": "^0.6.0",
            "which-pm-runs": "^1.0.0"
          }
        },
        "process-nextick-args": {
          "version": "2.0.1",
          "bundled": true
        },
        "prr": {
          "version": "1.0.1",
          "bundled": true
        },
        "pump": {
          "version": "2.0.1",
          "bundled": true,
          "requires": {
            "end-of-stream": "^1.1.0",
            "once": "^1.3.1"
          }
        },
        "rc": {
          "version": "1.2.8",
          "bundled": true,
          "requires": {
            "deep-extend": "^0.6.0",
            "ini": "~1.3.0",
            "minimist": "^1.2.0",
            "strip-json-comments": "~2.0.1"
          }
        },
        "readable-stream": {
          "version": "2.3.7",
          "bundled": true,
          "requires": {
            "core-util-is": "~1.0.0",
            "inherits": "~2.0.3",
            "isarray": "~1.0.0",
            "process-nextick-args": "~2.0.0",
            "safe-buffer": "~5.1.1",
            "string_decoder": "~1.1.1",
            "util-deprecate": "~1.0.1"
          }
        },
        "safe-buffer": {
          "version": "5.1.2",
          "bundled": true
        },
        "semver": {
          "version": "5.7.1",
          "bundled": true
        },
        "set-blocking": {
          "version": "2.0.0",
          "bundled": true
        },
        "signal-exit": {
          "version": "3.0.3",
          "bundled": true
        },
        "simple-concat": {
          "version": "1.0.1",
          "bundled": true
        },
        "simple-get": {
          "version": "2.8.1",
          "bundled": true,
          "requires": {
            "decompress-response": "^3.3.0",
            "once": "^1.3.1",
            "simple-concat": "^1.0.0"
          }
        },
        "string-width": {
          "version": "1.0.2",
          "bundled": true,
          "requires": {
            "code-point-at": "^1.0.0",
            "is-fullwidth-code-point": "^1.0.0",
            "strip-ansi": "^3.0.0"
          }
        },
        "string_decoder": {
          "version": "1.1.1",
          "bundled": true,
          "requires": {
            "safe-buffer": "~5.1.0"
          }
        },
        "strip-ansi": {
          "version": "3.0.1",
          "bundled": true,
          "requires": {
            "ansi-regex": "^2.0.0"
          }
        },
        "strip-json-comments": {
          "version": "2.0.1",
          "bundled": true
        },
        "tar-fs": {
          "version": "1.16.3",
          "bundled": true,
          "requires": {
            "chownr": "^1.0.1",
            "mkdirp": "^0.5.1",
            "pump": "^1.0.0",
            "tar-stream": "^1.1.2"
          },
          "dependencies": {
            "pump": {
              "version": "1.0.3",
              "resolved": "https://registry.npmjs.org/pump/-/pump-1.0.3.tgz",
              "integrity": "sha512-8k0JupWme55+9tCVE+FS5ULT3K6AbgqrGa58lTT49RpyfwwcGedHqaC5LlQNdEAumn/wFsu6aPwkuPMioy8kqw==",
              "requires": {
                "end-of-stream": "^1.1.0",
                "once": "^1.3.1"
              }
            }
          }
        },
        "tar-stream": {
          "version": "1.6.2",
          "bundled": true,
          "requires": {
            "bl": "^1.0.0",
            "buffer-alloc": "^1.2.0",
            "end-of-stream": "^1.0.0",
            "fs-constants": "^1.0.0",
            "readable-stream": "^2.3.0",
            "to-buffer": "^1.1.1",
            "xtend": "^4.0.0"
          }
        },
        "to-buffer": {
          "version": "1.1.1",
          "bundled": true
        },
        "tunnel-agent": {
          "version": "0.6.0",
          "bundled": true,
          "requires": {
            "safe-buffer": "^5.0.1"
          }
        },
        "util-deprecate": {
          "version": "1.0.2",
          "bundled": true
        },
        "which-pm-runs": {
          "version": "1.0.0",
          "bundled": true
        },
        "wide-align": {
          "version": "1.1.3",
          "bundled": true,
          "requires": {
            "string-width": "^1.0.2 || 2"
          }
        },
        "wrappy": {
          "version": "1.0.2",
          "bundled": true
        },
        "xtend": {
          "version": "4.0.2",
          "bundled": true
        }
      }
    },
    "got": {
      "version": "11.8.0",
      "requires": {
        "@sindresorhus/is": "^4.0.0",
        "@szmarczak/http-timer": "^4.0.5",
        "@types/cacheable-request": "^6.0.1",
        "@types/responselike": "^1.0.0",
        "cacheable-lookup": "^5.0.3",
        "cacheable-request": "^7.0.1",
        "decompress-response": "^6.0.0",
        "http2-wrapper": "^1.0.0-beta.5.2",
        "lowercase-keys": "^2.0.0",
        "p-cancelable": "^2.0.0",
        "responselike": "^2.0.0"
      },
      "dependencies": {
        "@sindresorhus/is": {
          "version": "4.0.0",
          "bundled": true
        },
        "@szmarczak/http-timer": {
          "version": "4.0.5",
          "bundled": true,
          "requires": {
            "defer-to-connect": "^2.0.0"
          }
        },
        "@types/cacheable-request": {
          "version": "6.0.1",
          "bundled": true,
          "requires": {
            "@types/http-cache-semantics": "*",
            "@types/keyv": "*",
            "@types/node": "*",
            "@types/responselike": "*"
          }
        },
        "@types/http-cache-semantics": {
          "version": "4.0.0",
          "bundled": true
        },
        "@types/keyv": {
          "version": "3.1.1",
          "bundled": true,
          "requires": {
            "@types/node": "*"
          }
        },
        "@types/node": {
          "version": "14.14.14",
          "bundled": true
        },
        "@types/responselike": {
          "version": "1.0.0",
          "bundled": true,
          "requires": {
            "@types/node": "*"
          }
        },
        "cacheable-lookup": {
          "version": "5.0.4",
          "bundled": true
        },
        "cacheable-request": {
          "version": "7.0.1",
          "bundled": true,
          "requires": {
            "clone-response": "^1.0.2",
            "get-stream": "^5.1.0",
            "http-cache-semantics": "^4.0.0",
            "keyv": "^4.0.0",
            "lowercase-keys": "^2.0.0",
            "normalize-url": "^4.1.0",
            "responselike": "^2.0.0"
          }
        },
        "clone-response": {
          "version": "1.0.2",
          "bundled": true,
          "requires": {
            "mimic-response": "^1.0.0"
          }
        },
        "decompress-response": {
          "version": "6.0.0",
          "bundled": true,
          "requires": {
            "mimic-response": "^3.1.0"
          },
          "dependencies": {
            "mimic-response": {
              "version": "3.1.0",
              "resolved": "https://registry.npmjs.org/mimic-response/-/mimic-response-3.1.0.tgz",
              "integrity": "sha512-z0yWI+4FDrrweS8Zmt4Ej5HdJmky15+L2e6Wgn3+iK5fWzb6T3fhNFq2+MeTRb064c6Wr4N/wv0DzQTjNzHNGQ=="
            }
          }
        },
        "defer-to-connect": {
          "version": "2.0.0",
          "bundled": true
        },
        "end-of-stream": {
          "version": "1.4.4",
          "bundled": true,
          "requires": {
            "once": "^1.4.0"
          }
        },
        "get-stream": {
          "version": "5.2.0",
          "bundled": true,
          "requires": {
            "pump": "^3.0.0"
          }
        },
        "http-cache-semantics": {
          "version": "4.1.0",
          "bundled": true
        },
        "http2-wrapper": {
          "version": "1.0.0-beta.5.2",
          "bundled": true,
          "requires": {
            "quick-lru": "^5.1.1",
            "resolve-alpn": "^1.0.0"
          }
        },
        "json-buffer": {
          "version": "3.0.1",
          "bundled": true
        },
        "keyv": {
          "version": "4.0.3",
          "bundled": true,
          "requires": {
            "json-buffer": "3.0.1"
          }
        },
        "lowercase-keys": {
          "version": "2.0.0",
          "bundled": true
        },
        "mimic-response": {
          "version": "1.0.1",
          "bundled": true
        },
        "normalize-url": {
          "version": "4.5.0",
          "bundled": true
        },
        "once": {
          "version": "1.4.0",
          "bundled": true,
          "requires": {
            "wrappy": "1"
          }
        },
        "p-cancelable": {
          "version": "2.0.0",
          "bundled": true
        },
        "pump": {
          "version": "3.0.0",
          "bundled": true,
          "requires": {
            "end-of-stream": "^1.1.0",
            "once": "^1.3.1"
          }
        },
        "quick-lru": {
          "version": "5.1.1",
          "bundled": true
        },
        "resolve-alpn": {
          "version": "1.0.0",
          "bundled": true
        },
        "responselike": {
          "version": "2.0.0",
          "bundled": true,
          "requires": {
            "lowercase-keys": "^2.0.0"
          }
        },
        "wrappy": {
          "version": "1.0.2",
          "bundled": true
        }
      }
    },
    "hastebin-gen": {
      "version": "2.0.5",
      "requires": {
        "node-fetch": "^2.6.0"
      },
      "dependencies": {
        "node-fetch": {
          "version": "2.6.1",
          "bundled": true
        }
      }
    },
    "josh": {
      "version": "0.2.0",
      "requires": {
        "lodash": "^4.17.20"
      },
      "dependencies": {
        "lodash": {
          "version": "4.17.20",
          "bundled": true
        }
      }
    },
    "moment": {
      "version": "2.29.1"
    },
    "ms": {
      "version": "2.1.2"
    }
  }
}
